
Microsoft Visual Studio Solution File, Format Version 12.00
# Visual Studio Version 17
VisualStudioVersion = 17.5.33530.505
MinimumVisualStudioVersion = 10.0.40219.1
Project("{FAE04EC0-301F-11D3-BF4B-00C04F79EFBC}") = "AngularAuthApi", "AngularAuthApi\AngularAuthApi.csproj", "{DDC438DA-DBDD-44B8-9193-17664F5FD14F}"
EndProject
Global
	GlobalSection(SolutionConfigurationPlatforms) = preSolution
		Debug|Any CPU = Debug|Any CPU
		Release|Any CPU = Release|Any CPU
	EndGlobalSection
	GlobalSection(ProjectConfigurationPlatforms) = postSolution
		{DDC438DA-DBDD-44B8-9193-17664F5FD14F}.Debug|Any CPU.ActiveCfg = Debug|Any CPU
		{DDC438DA-DBDD-44B8-9193-17664F5FD14F}.Debug|Any CPU.Build.0 = Debug|Any CPU
		{DDC438DA-DBDD-44B8-9193-17664F5FD14F}.Release|Any CPU.ActiveCfg = Release|Any CPU
		{DDC438DA-DBDD-44B8-9193-17664F5FD14F}.Release|Any CPU.Build.0 = Release|Any CPU
	EndGlobalSection
	GlobalSection(SolutionProperties) = preSolution
		HideSolutionNode = FALSE
	EndGlobalSection
	GlobalSection(ExtensibilityGlobals) = postSolution
		SolutionGuid = {2417C180-AB0D-4A9C-B404-93C2FF2DCBAB}
	EndGlobalSection
EndGlobal
